
Microsoft Visual Studio Solution File, Format Version 12.00
# Visual Studio Version 16
VisualStudioVersion = 16.0.31005.135
MinimumVisualStudioVersion = 10.0.40219.1
Project("{FAE04EC0-301F-11D3-BF4B-00C04F79EFBC}") = "ImportDeleteBooks", "ImportDeleteBooks\ImportDeleteBooks.csproj", "{43C72CB3-1475-4F9A-AC1A-60C4749EAB22}"
EndProject
Global
	GlobalSection(SolutionConfigurationPlatforms) = preSolution
		Debug|Any CPU = Debug|Any CPU
		Release|Any CPU = Release|Any CPU
	EndGlobalSection
	GlobalSection(ProjectConfigurationPlatforms) = postSolution
		{43C72CB3-1475-4F9A-AC1A-60C4749EAB22}.Debug|Any CPU.ActiveCfg = Debug|Any CPU
		{43C72CB3-1475-4F9A-AC1A-60C4749EAB22}.Debug|Any CPU.Build.0 = Debug|Any CPU
		{43C72CB3-1475-4F9A-AC1A-60C4749EAB22}.Release|Any CPU.ActiveCfg = Release|Any CPU
		{43C72CB3-1475-4F9A-AC1A-60C4749EAB22}.Release|Any CPU.Build.0 = Release|Any CPU
	EndGlobalSection
	GlobalSection(SolutionProperties) = preSolution
		HideSolutionNode = FALSE
	EndGlobalSection
	GlobalSection(ExtensibilityGlobals) = postSolution
		SolutionGuid = {DCA1C40D-45B1-4C92-AF5B-42BFFFC77DB6}
	EndGlobalSection
EndGlobal
